
Microsoft Visual Studio Solution File, Format Version 12.00
# Visual Studio Version 17
VisualStudioVersion = 17.11.35327.3
MinimumVisualStudioVersion = 10.0.40219.1
Project("{FAE04EC0-301F-11D3-BF4B-00C04F79EFBC}") = "urun_fiyat_bulma", "urun_fiyat_bulma.csproj", "{18EE3267-74E1-491C-AF2E-6CC0C73406FA}"
EndProject
Global
	GlobalSection(SolutionConfigurationPlatforms) = preSolution
		Debug|Any CPU = Debug|Any CPU
		Release|Any CPU = Release|Any CPU
	EndGlobalSection
	GlobalSection(ProjectConfigurationPlatforms) = postSolution
		{18EE3267-74E1-491C-AF2E-6CC0C73406FA}.Debug|Any CPU.ActiveCfg = Debug|Any CPU
		{18EE3267-74E1-491C-AF2E-6CC0C73406FA}.Debug|Any CPU.Build.0 = Debug|Any CPU
		{18EE3267-74E1-491C-AF2E-6CC0C73406FA}.Release|Any CPU.ActiveCfg = Release|Any CPU
		{18EE3267-74E1-491C-AF2E-6CC0C73406FA}.Release|Any CPU.Build.0 = Release|Any CPU
	EndGlobalSection
	GlobalSection(SolutionProperties) = preSolution
		HideSolutionNode = FALSE
	EndGlobalSection
	GlobalSection(ExtensibilityGlobals) = postSolution
		SolutionGuid = {F32EFC56-C7F3-4614-B8BD-F6B6658721CE}
	EndGlobalSection
EndGlobal
